
Microsoft Visual Studio Solution File, Format Version 12.00
# Visual Studio 15
VisualStudioVersion = 15.0.26403.7
MinimumVisualStudioVersion = 10.0.40219.1
Project("{FAE04EC0-301F-11D3-BF4B-00C04F79EFBC}") = "TrainTrain", "TrainTrain\TrainTrain.csproj", "{B7FBBF93-B9F3-4BD8-8B8A-7F7BF52B588A}"
EndProject
Project("{FAE04EC0-301F-11D3-BF4B-00C04F79EFBC}") = "TrainTrain.Dal", "TrainTrain.Dal\TrainTrain.Dal.csproj", "{11B75CE2-05F8-4C3B-81E2-BF378725B2B3}"
EndProject
Project("{FAE04EC0-301F-11D3-BF4B-00C04F79EFBC}") = "TrainTrain.ConsoleApp", "TrainTrain.ConsoleApp\TrainTrain.ConsoleApp.csproj", "{2C7BF20F-3EDA-40D8-9FA1-DAD5AE46A996}"
EndProject
Project("{9A19103F-16F7-4668-BE54-9A1E7A4F7556}") = "AcmeCorp.TrainDataService", "AcmeCorp.TrainDataService\AcmeCorp.TrainDataService.csproj", "{8977E18D-5740-4712-92D3-875CC9931ADA}"
EndProject
Project("{2150E333-8FDC-42A3-9474-1A3956D46DE8}") = "Solution Items", "Solution Items", "{E1B58B83-F742-4146-A88C-76FA98711FA8}"
	ProjectSection(SolutionItems) = preProject
		Backlog.md = Backlog.md
		README.md = README.md
	EndProjectSection
EndProject
Project("{9A19103F-16F7-4668-BE54-9A1E7A4F7556}") = "AcmeCorp.BookingReferenceService", "AcmeCorp.BookingReferenceService\AcmeCorp.BookingReferenceService.csproj", "{9BAD2491-D379-4CE7-9EEC-E0DF07B7C904}"
EndProject
Project("{2150E333-8FDC-42A3-9474-1A3956D46DE8}") = "DoNotTouch-ExternalDependencies", "DoNotTouch-ExternalDependencies", "{387971BC-9D63-49D7-9C8F-6E6CFBF08963}"
EndProject
Project("{FAE04EC0-301F-11D3-BF4B-00C04F79EFBC}") = "TrainTrain.Api", "TrainTrain.Api\TrainTrain.Api.csproj", "{68C05460-30E0-4FB4-A8BF-3CFA9412181B}"
EndProject
Project("{FAE04EC0-301F-11D3-BF4B-00C04F79EFBC}") = "TrainTrain.Dal.Test", "TrainTrain.Dal.Test\TrainTrain.Dal.Test.csproj", "{FB05DD56-585A-49BE-9E1F-D4771406E92B}"
EndProject
Global
	GlobalSection(SolutionConfigurationPlatforms) = preSolution
		Debug|Any CPU = Debug|Any CPU
		Release|Any CPU = Release|Any CPU
	EndGlobalSection
	GlobalSection(ProjectConfigurationPlatforms) = postSolution
		{B7FBBF93-B9F3-4BD8-8B8A-7F7BF52B588A}.Debug|Any CPU.ActiveCfg = Debug|Any CPU
		{B7FBBF93-B9F3-4BD8-8B8A-7F7BF52B588A}.Debug|Any CPU.Build.0 = Debug|Any CPU
		{B7FBBF93-B9F3-4BD8-8B8A-7F7BF52B588A}.Release|Any CPU.ActiveCfg = Release|Any CPU
		{B7FBBF93-B9F3-4BD8-8B8A-7F7BF52B588A}.Release|Any CPU.Build.0 = Release|Any CPU
		{11B75CE2-05F8-4C3B-81E2-BF378725B2B3}.Debug|Any CPU.ActiveCfg = Debug|Any CPU
		{11B75CE2-05F8-4C3B-81E2-BF378725B2B3}.Debug|Any CPU.Build.0 = Debug|Any CPU
		{11B75CE2-05F8-4C3B-81E2-BF378725B2B3}.Release|Any CPU.ActiveCfg = Release|Any CPU
		{11B75CE2-05F8-4C3B-81E2-BF378725B2B3}.Release|Any CPU.Build.0 = Release|Any CPU
		{2C7BF20F-3EDA-40D8-9FA1-DAD5AE46A996}.Debug|Any CPU.ActiveCfg = Debug|Any CPU
		{2C7BF20F-3EDA-40D8-9FA1-DAD5AE46A996}.Debug|Any CPU.Build.0 = Debug|Any CPU
		{2C7BF20F-3EDA-40D8-9FA1-DAD5AE46A996}.Release|Any CPU.ActiveCfg = Release|Any CPU
		{2C7BF20F-3EDA-40D8-9FA1-DAD5AE46A996}.Release|Any CPU.Build.0 = Release|Any CPU
		{8977E18D-5740-4712-92D3-875CC9931ADA}.Debug|Any CPU.ActiveCfg = Debug|Any CPU
		{8977E18D-5740-4712-92D3-875CC9931ADA}.Debug|Any CPU.Build.0 = Debug|Any CPU
		{8977E18D-5740-4712-92D3-875CC9931ADA}.Release|Any CPU.ActiveCfg = Release|Any CPU
		{8977E18D-5740-4712-92D3-875CC9931ADA}.Release|Any CPU.Build.0 = Release|Any CPU
		{9BAD2491-D379-4CE7-9EEC-E0DF07B7C904}.Debug|Any CPU.ActiveCfg = Debug|Any CPU
		{9BAD2491-D379-4CE7-9EEC-E0DF07B7C904}.Debug|Any CPU.Build.0 = Debug|Any CPU
		{9BAD2491-D379-4CE7-9EEC-E0DF07B7C904}.Release|Any CPU.ActiveCfg = Release|Any CPU
		{9BAD2491-D379-4CE7-9EEC-E0DF07B7C904}.Release|Any CPU.Build.0 = Release|Any CPU
		{68C05460-30E0-4FB4-A8BF-3CFA9412181B}.Debug|Any CPU.ActiveCfg = Debug|Any CPU
		{68C05460-30E0-4FB4-A8BF-3CFA9412181B}.Debug|Any CPU.Build.0 = Debug|Any CPU
		{68C05460-30E0-4FB4-A8BF-3CFA9412181B}.Release|Any CPU.ActiveCfg = Release|Any CPU
		{68C05460-30E0-4FB4-A8BF-3CFA9412181B}.Release|Any CPU.Build.0 = Release|Any CPU
		{FB05DD56-585A-49BE-9E1F-D4771406E92B}.Debug|Any CPU.ActiveCfg = Debug|Any CPU
		{FB05DD56-585A-49BE-9E1F-D4771406E92B}.Debug|Any CPU.Build.0 = Debug|Any CPU
		{FB05DD56-585A-49BE-9E1F-D4771406E92B}.Release|Any CPU.ActiveCfg = Release|Any CPU
		{FB05DD56-585A-49BE-9E1F-D4771406E92B}.Release|Any CPU.Build.0 = Release|Any CPU
	EndGlobalSection
	GlobalSection(SolutionProperties) = preSolution
		HideSolutionNode = FALSE
	EndGlobalSection
	GlobalSection(NestedProjects) = preSolution
		{8977E18D-5740-4712-92D3-875CC9931ADA} = {387971BC-9D63-49D7-9C8F-6E6CFBF08963}
		{9BAD2491-D379-4CE7-9EEC-E0DF07B7C904} = {387971BC-9D63-49D7-9C8F-6E6CFBF08963}
	EndGlobalSection
EndGlobal
